
Microsoft Visual Studio Solution File, Format Version 11.00
# Visual Studio 2010
Project("{8BC9CEB8-8B4A-11D0-8D11-00A0C91BC942}") = "DistillerDriver", "DistillerDriver\DistillerDriver.vcxproj", "{F0E63433-1B92-47F4-9E3B-B20BBCF25885}"
EndProject
Global
	GlobalSection(SolutionConfigurationPlatforms) = preSolution
		Debug|Win32 = Debug|Win32
		Release|Win32 = Release|Win32
	EndGlobalSection
	GlobalSection(ProjectConfigurationPlatforms) = postSolution
		{F0E63433-1B92-47F4-9E3B-B20BBCF25885}.Debug|Win32.ActiveCfg = Debug|Win32
		{F0E63433-1B92-47F4-9E3B-B20BBCF25885}.Debug|Win32.Build.0 = Debug|Win32
		{F0E63433-1B92-47F4-9E3B-B20BBCF25885}.Release|Win32.ActiveCfg = Release|Win32
		{F0E63433-1B92-47F4-9E3B-B20BBCF25885}.Release|Win32.Build.0 = Release|Win32
	EndGlobalSection
	GlobalSection(SolutionProperties) = preSolution
		HideSolutionNode = FALSE
	EndGlobalSection
EndGlobal
